hash: 02ab45cfcb67219c36c90afb9f00de5aa786458764100b3b647e1e81ecbdae3c
updated: 2016-05-10T01:15:43.025881242+05:30
imports:
- name: bitbucket.org/pkg/inflect
  version: ""
  repo: https://bitbucket.org/pkg/inflect
- name: github.com/asaskevich/govalidator
  version: d1e14c504700969ddf41264c7f3e084c7b99de59
  repo: https://github.com/asaskevich/govalidator
- name: github.com/codegangsta/inject
  version: 33e0aa1cb7c019ccc3fbe049a8262a6403d30504
- name: github.com/codegangsta/negroni
  version: a2adb52ce9f055b63f8e1175d02ec706e064bd2a
- name: github.com/davecgh/go-spew
  version: 5215b55f46b2b919f50a1df0eaa5886afe4e3b3d
  subpackages:
  - spew
- name: github.com/go-martini/martini
  version: 0c6ad5903d2bf9337762caa9c357247279c230c3
  repo: https://github.com/go-martini/martini
- name: github.com/go-openapi/analysis
  version: 5a8fe2138f95138797c306c07e65e759c55f898f
  repo: https://github.com/go-openapi/analysis
- name: github.com/go-openapi/errors
  version: b6a74a9df33099a5a952e7d1dbfe93dfa6b7a076
  repo: https://github.com/go-openapi/errors
- name: github.com/go-openapi/jsonpointer
  version: f5133566e18f23f2085d953998fd72959b698623
  repo: https://github.com/go-openapi/jsonpointer
- name: github.com/go-openapi/jsonreference
  version: 44d0c05f81b60f99eeb8c188b8983ec82e5d872f
  repo: https://github.com/go-openapi/jsonreference
- name: github.com/go-openapi/loads
  version: 27f5d1aa08e65c186218c82722f3ae0fe36e9c01
  repo: https://github.com/go-openapi/loads
- name: github.com/go-openapi/runtime
  version: dcb615acee62fc6bce61c8c398581e2afdbe296e
  repo: https://github.com/go-openapi/runtime
- name: github.com/go-openapi/spec
  version: 1f40fcb077ed32379da3eeb494f76fb2285e31b8
  repo: https://github.com/go-openapi/spec
- name: github.com/go-openapi/strfmt
  version: 66a99d45c3043d45d346b1c8db5dc2f76a004869
  repo: https://github.com/go-openapi/strfmt
- name: github.com/go-openapi/swag
  version: 617a8d12ee0e06e17b3fc95af7a14dd0f514e636
  repo: https://github.com/go-openapi/swag
- name: github.com/go-openapi/validate
  version: e6da236c48ce621803fc5d3883d8739aad0ce318
  repo: https://github.com/go-openapi/validate
- name: github.com/go-swagger/go-swagger
  version: 0583b253eabf1fcf78be407b0fea26f2f79c629f
- name: github.com/go-swagger/scan-repo-boundary
  version: 196ec52cfa1c96b45dd793dfa0fa3f8877b299da
  repo: https://github.com/go-swagger/scan-repo-boundary
- name: github.com/goji/param
  version: da86c81e3e3c23b1948bc7a003d381250a032aa7
  repo: https://github.com/goji/param
- name: github.com/gorilla/context
  version: 1ea25387ff6f684839d82767c1733ff4d4d15d0a
  repo: https://github.com/gorilla/context
- name: github.com/gorilla/handlers
  version: 66e6c6f01d8da976ee113437745ca029c2b585a6
- name: github.com/gorilla/mux
  version: 9c19ed558d5df4da88e2ade9c8940d742aef0e7e
- name: github.com/jessevdk/go-flags
  version: 6b9493b3cb60367edd942144879646604089e3f7
  repo: https://github.com/jessevdk/go-flags
- name: github.com/jmoiron/sqlx
  version: 398dd5876282499cdfd4cb8ea0f31a672abe9495
- name: github.com/justinas/alice
  version: 671ef6b31288a51b5517ba2f1349e781b91a4da3
  repo: https://github.com/justinas/alice
- name: github.com/lib/pq
  version: dd3290b2f71a8b30bee8e4e75a337a825263d26f
- name: github.com/martini-contrib/render
  version: ec18f8345a1181146728238980606fb1d6f40e8c
  repo: https://github.com/martini-contrib/render
- name: github.com/naoina/denco
  version: 9af2ba0e24214bac003821f4a501b131b2e04c75
  repo: https://github.com/naoina/denco
- name: github.com/opennota/urlesc
  version: 5fa9ff0392746aeae1c4b37fcc42c65afa7a9587
  repo: https://github.com/opennota/urlesc
- name: github.com/oxtoacart/bpool
  version: 4e1c5567d7c2dd59fa4c7c83d34c2f3528b025d6
  repo: https://github.com/oxtoacart/bpool
- name: github.com/pmezard/go-difflib
  version: d8ed2627bdf02c080bf22230dbb337003b7aba2d
  subpackages:
  - difflib
- name: github.com/PuerkitoBio/purell
  version: d69616f51cdfcd7514d6a380847a152dfc2a749d
  repo: https://github.com/PuerkitoBio/purell
- name: github.com/rs/cors
  version: 3ca2b550f6a4333b63c845850f760a7d00412cd6
- name: github.com/rs/xhandler
  version: d9d9599b6aaf6a058cb7b1f48291ded2cbd13390
  repo: https://github.com/rs/xhandler
- name: github.com/rshetty/multierror
  version: d62ad4eeda03d0395891ccbb2062616723e2dc21
- name: github.com/satori/go.uuid
  version: f9ab0dce87d815821e221626b772e3475a0d2749
- name: github.com/stretchr/objx
  version: cbeaeb16a013161a98496fad62933b1d21786672
- name: github.com/stretchr/testify
  version: bcd9e3389dd03b0b668d11f4d462a6af6c2dfd60
  subpackages:
  - assert
  - require
  - mock
- name: github.com/tylerb/graceful
  version: 9a3d4236b03bb5d26f7951134d248f9d5510d599
  repo: https://github.com/tylerb/graceful
- name: github.com/zenazn/goji
  version: 64eb34159fe53473206c2b3e70fe396a639452f2
  repo: https://github.com/zenazn/goji
- name: golang.org/x/crypto
  version: 47ff8dfbc528fea3003fc0ce2d88ffbbfbc46a43
  repo: https://golang.org/x/crypto
- name: golang.org/x/net
  version: fb93926129b8ec0056f2f458b1f519654814edf0
  repo: https://go.googlesource.com/net
  subpackages:
  - context
  - netutil
- name: golang.org/x/text
  version: bd1c9905f55d983c0cd0b15cf0c3e2fe860c8902
  repo: https://golang.org/x/text
- name: golang.org/x/tools
  version: 837ce23ea348dcb09182fe7a87437b76ec39107b
  repo: https://go.googlesource.com/tools
  subpackages:
  - go/ast/astutil
  - go/buildutil
  - go/loader
  - imports
- name: gopkg.in/yaml.v2
  version: a83829b6f1293c91addabc89d0571c246397bbf4
  repo: https://gopkg.in/yaml.v2
devImports: []
